
Microsoft Visual Studio Solution File, Format Version 12.00
# Visual Studio Version 17
VisualStudioVersion = 17.0.31903.59
MinimumVisualStudioVersion = 10.0.40219.1
Project("{FAE04EC0-301F-11D3-BF4B-00C04F79EFBC}") = "JadedAssetManagement", "JadedAssetManagement\JadedAssetManagement.csproj", "{7623F096-2904-435E-8725-71AB8A6C7498}"
EndProject
Project("{FAE04EC0-301F-11D3-BF4B-00C04F79EFBC}") = "Testing", "Testing\Testing.csproj", "{05E6D821-0DA7-40B9-8FDB-843BF7DB982E}"
EndProject
Global
	GlobalSection(SolutionConfigurationPlatforms) = preSolution
		Debug|Any CPU = Debug|Any CPU
		Release|Any CPU = Release|Any CPU
	EndGlobalSection
	GlobalSection(SolutionProperties) = preSolution
		HideSolutionNode = FALSE
	EndGlobalSection
	GlobalSection(ProjectConfigurationPlatforms) = postSolution
		{7623F096-2904-435E-8725-71AB8A6C7498}.Debug|Any CPU.ActiveCfg = Debug|Any CPU
		{7623F096-2904-435E-8725-71AB8A6C7498}.Debug|Any CPU.Build.0 = Debug|Any CPU
		{7623F096-2904-435E-8725-71AB8A6C7498}.Release|Any CPU.ActiveCfg = Release|Any CPU
		{7623F096-2904-435E-8725-71AB8A6C7498}.Release|Any CPU.Build.0 = Release|Any CPU
		{05E6D821-0DA7-40B9-8FDB-843BF7DB982E}.Debug|Any CPU.ActiveCfg = Debug|Any CPU
		{05E6D821-0DA7-40B9-8FDB-843BF7DB982E}.Debug|Any CPU.Build.0 = Debug|Any CPU
		{05E6D821-0DA7-40B9-8FDB-843BF7DB982E}.Release|Any CPU.ActiveCfg = Release|Any CPU
		{05E6D821-0DA7-40B9-8FDB-843BF7DB982E}.Release|Any CPU.Build.0 = Release|Any CPU
	EndGlobalSection
EndGlobal
